
Microsoft Visual Studio Solution File, Format Version 12.00
# Visual Studio Version 16
VisualStudioVersion = 16.0.31112.23
MinimumVisualStudioVersion = 10.0.40219.1
Project("{FAE04EC0-301F-11D3-BF4B-00C04F79EFBC}") = "Checkers.Server", "Checkers\Server\Checkers.Server.csproj", "{0F75DB08-9A6B-4B13-8915-D83C74206A83}"
EndProject
Project("{FAE04EC0-301F-11D3-BF4B-00C04F79EFBC}") = "Checkers.Client", "Checkers\Client\Checkers.Client.csproj", "{CF833716-29E7-45A4-A7E9-7A8A5595FB1E}"
EndProject
Project("{FAE04EC0-301F-11D3-BF4B-00C04F79EFBC}") = "Checkers.Shared", "Checkers\Shared\Checkers.Shared.csproj", "{7223F12F-CF7D-4711-83E7-0C66F4F83A7C}"
EndProject
Global
	GlobalSection(SolutionConfigurationPlatforms) = preSolution
		Debug|Any CPU = Debug|Any CPU
		Release|Any CPU = Release|Any CPU
	EndGlobalSection
	GlobalSection(ProjectConfigurationPlatforms) = postSolution
		{0F75DB08-9A6B-4B13-8915-D83C74206A83}.Debug|Any CPU.ActiveCfg = Debug|Any CPU
		{0F75DB08-9A6B-4B13-8915-D83C74206A83}.Debug|Any CPU.Build.0 = Debug|Any CPU
		{0F75DB08-9A6B-4B13-8915-D83C74206A83}.Release|Any CPU.ActiveCfg = Release|Any CPU
		{0F75DB08-9A6B-4B13-8915-D83C74206A83}.Release|Any CPU.Build.0 = Release|Any CPU
		{CF833716-29E7-45A4-A7E9-7A8A5595FB1E}.Debug|Any CPU.ActiveCfg = Debug|Any CPU
		{CF833716-29E7-45A4-A7E9-7A8A5595FB1E}.Debug|Any CPU.Build.0 = Debug|Any CPU
		{CF833716-29E7-45A4-A7E9-7A8A5595FB1E}.Release|Any CPU.ActiveCfg = Release|Any CPU
		{CF833716-29E7-45A4-A7E9-7A8A5595FB1E}.Release|Any CPU.Build.0 = Release|Any CPU
		{7223F12F-CF7D-4711-83E7-0C66F4F83A7C}.Debug|Any CPU.ActiveCfg = Debug|Any CPU
		{7223F12F-CF7D-4711-83E7-0C66F4F83A7C}.Debug|Any CPU.Build.0 = Debug|Any CPU
		{7223F12F-CF7D-4711-83E7-0C66F4F83A7C}.Release|Any CPU.ActiveCfg = Release|Any CPU
		{7223F12F-CF7D-4711-83E7-0C66F4F83A7C}.Release|Any CPU.Build.0 = Release|Any CPU
	EndGlobalSection
	GlobalSection(SolutionProperties) = preSolution
		HideSolutionNode = FALSE
	EndGlobalSection
	GlobalSection(ExtensibilityGlobals) = postSolution
		SolutionGuid = {21EC8892-50C9-40AB-A8CA-EFECF54FAB7E}
	EndGlobalSection
EndGlobal
